
Microsoft Visual Studio Solution File, Format Version 12.00
# Visual Studio Version 17
VisualStudioVersion = 17.4.33403.182
MinimumVisualStudioVersion = 10.0.40219.1
Project("{FAE04EC0-301F-11D3-BF4B-00C04F79EFBC}") = "Fighterz", "Fighterz\Fighterz.csproj", "{F4A32FED-7EF9-4755-8BD2-628E3FED4429}"
EndProject
Global
	GlobalSection(SolutionConfigurationPlatforms) = preSolution
		Debug|Any CPU = Debug|Any CPU
		Release|Any CPU = Release|Any CPU
	EndGlobalSection
	GlobalSection(ProjectConfigurationPlatforms) = postSolution
		{F4A32FED-7EF9-4755-8BD2-628E3FED4429}.Debug|Any CPU.ActiveCfg = Debug|Any CPU
		{F4A32FED-7EF9-4755-8BD2-628E3FED4429}.Debug|Any CPU.Build.0 = Debug|Any CPU
		{F4A32FED-7EF9-4755-8BD2-628E3FED4429}.Release|Any CPU.ActiveCfg = Release|Any CPU
		{F4A32FED-7EF9-4755-8BD2-628E3FED4429}.Release|Any CPU.Build.0 = Release|Any CPU
	EndGlobalSection
	GlobalSection(SolutionProperties) = preSolution
		HideSolutionNode = FALSE
	EndGlobalSection
	GlobalSection(ExtensibilityGlobals) = postSolution
		SolutionGuid = {6E17D233-8AAB-4D2A-AD05-2307BBD75A0B}
	EndGlobalSection
EndGlobal
